
Microsoft Visual Studio Solution File, Format Version 12.00
# Visual Studio Version 17
VisualStudioVersion = 17.3.32929.385
MinimumVisualStudioVersion = 10.0.40219.1
Project("{9A19103F-16F7-4668-BE54-9A1E7A4F7556}") = "Library project logic", "Library project logic.csproj", "{EE6C63BD-3D59-4483-9692-4411DDFDC4FB}"
EndProject
Project("{FAE04EC0-301F-11D3-BF4B-00C04F79EFBC}") = "Library project UI", "..\Library project UI\Library project UI.csproj", "{B5B23513-2DF2-4126-9BFC-AD32D59F0E3F}"
EndProject
Global
	GlobalSection(SolutionConfigurationPlatforms) = preSolution
		Debug|Any CPU = Debug|Any CPU
		Release|Any CPU = Release|Any CPU
	EndGlobalSection
	GlobalSection(ProjectConfigurationPlatforms) = postSolution
		{EE6C63BD-3D59-4483-9692-4411DDFDC4FB}.Debug|Any CPU.ActiveCfg = Debug|Any CPU
		{EE6C63BD-3D59-4483-9692-4411DDFDC4FB}.Debug|Any CPU.Build.0 = Debug|Any CPU
		{EE6C63BD-3D59-4483-9692-4411DDFDC4FB}.Release|Any CPU.ActiveCfg = Release|Any CPU
		{EE6C63BD-3D59-4483-9692-4411DDFDC4FB}.Release|Any CPU.Build.0 = Release|Any CPU
		{B5B23513-2DF2-4126-9BFC-AD32D59F0E3F}.Debug|Any CPU.ActiveCfg = Debug|Any CPU
		{B5B23513-2DF2-4126-9BFC-AD32D59F0E3F}.Debug|Any CPU.Build.0 = Debug|Any CPU
		{B5B23513-2DF2-4126-9BFC-AD32D59F0E3F}.Release|Any CPU.ActiveCfg = Release|Any CPU
		{B5B23513-2DF2-4126-9BFC-AD32D59F0E3F}.Release|Any CPU.Build.0 = Release|Any CPU
	EndGlobalSection
	GlobalSection(SolutionProperties) = preSolution
		HideSolutionNode = FALSE
	EndGlobalSection
	GlobalSection(ExtensibilityGlobals) = postSolution
		SolutionGuid = {C80EAE6A-21C5-43FE-A51A-5C294AA78F12}
	EndGlobalSection
EndGlobal
